
Microsoft Visual Studio Solution File, Format Version 11.00
# Visual Studio 2010
# SharpDevelop 5.1
Project("{FAE04EC0-301F-11D3-BF4B-00C04F79EFBC}") = "Atividade 15", "Atividade 15.csproj", "{BBCC9646-7B3B-451D-A258-3719017DB1F1}"
EndProject
Project("{FAE04EC0-301F-11D3-BF4B-00C04F79EFBC}") = "Atividade 03", "..\Atividade 03\Atividade 03.csproj", "{F5EB9769-C979-4592-A2C5-6427A08FB998}"
EndProject
Global
	GlobalSection(SolutionConfigurationPlatforms) = preSolution
		Debug|Any CPU = Debug|Any CPU
		Release|Any CPU = Release|Any CPU
	EndGlobalSection
	GlobalSection(ProjectConfigurationPlatforms) = postSolution
		{BBCC9646-7B3B-451D-A258-3719017DB1F1}.Debug|Any CPU.ActiveCfg = Debug|Any CPU
		{BBCC9646-7B3B-451D-A258-3719017DB1F1}.Debug|Any CPU.Build.0 = Debug|Any CPU
		{BBCC9646-7B3B-451D-A258-3719017DB1F1}.Release|Any CPU.ActiveCfg = Release|Any CPU
		{BBCC9646-7B3B-451D-A258-3719017DB1F1}.Release|Any CPU.Build.0 = Release|Any CPU
		{F5EB9769-C979-4592-A2C5-6427A08FB998}.Debug|Any CPU.ActiveCfg = Debug|Any CPU
		{F5EB9769-C979-4592-A2C5-6427A08FB998}.Debug|Any CPU.Build.0 = Debug|Any CPU
		{F5EB9769-C979-4592-A2C5-6427A08FB998}.Release|Any CPU.ActiveCfg = Release|Any CPU
		{F5EB9769-C979-4592-A2C5-6427A08FB998}.Release|Any CPU.Build.0 = Release|Any CPU
	EndGlobalSection
EndGlobal
