
Microsoft Visual Studio Solution File, Format Version 11.00
# Visual Studio 2010
# SharpDevelop 5.1
Project("{FAE04EC0-301F-11D3-BF4B-00C04F79EFBC}") = "Atividade 01", "Atividade 01\Atividade 01.csproj", "{767EA2EF-5C1A-4118-BF82-EA5356EB434A}"
EndProject
Project("{FAE04EC0-301F-11D3-BF4B-00C04F79EFBC}") = "Atividade 02", "Atividade 02\Atividade 02.csproj", "{89217129-73F1-489D-961A-C82D55AE4D55}"
EndProject
Project("{FAE04EC0-301F-11D3-BF4B-00C04F79EFBC}") = "Atividade 03", "Atividade 03\Atividade 03.csproj", "{F5EB9769-C979-4592-A2C5-6427A08FB998}"
EndProject
Project("{FAE04EC0-301F-11D3-BF4B-00C04F79EFBC}") = "Atividade 04", "Atividade 04\Atividade 04.csproj", "{36AB3BD2-0DF6-40E4-9F71-E09B0DE6F685}"
EndProject
Project("{FAE04EC0-301F-11D3-BF4B-00C04F79EFBC}") = "Atividade 05", "Atividade 05\Atividade 05.csproj", "{61D11133-EEF9-4B92-9277-BAC176087380}"
EndProject
Project("{FAE04EC0-301F-11D3-BF4B-00C04F79EFBC}") = "Atividade 06", "Atividade 06\Atividade 06.csproj", "{DD0D5C15-6811-467E-8E55-290C976407ED}"
EndProject
Project("{FAE04EC0-301F-11D3-BF4B-00C04F79EFBC}") = "Atividade 07", "Atividade 07\Atividade 07.csproj", "{F35D8651-E077-4EFC-84C7-5FB7FE5A3E2F}"
EndProject
Project("{FAE04EC0-301F-11D3-BF4B-00C04F79EFBC}") = "Atividade 08", "Atividade 08\Atividade 08.csproj", "{CED8D415-E837-435D-98B9-8556CF55B8EF}"
EndProject
Project("{FAE04EC0-301F-11D3-BF4B-00C04F79EFBC}") = "Atividade 09", "Atividade 09\Atividade 09.csproj", "{968175EC-92E8-4D11-AFD6-EBFAD1BB1E8F}"
EndProject
Project("{FAE04EC0-301F-11D3-BF4B-00C04F79EFBC}") = "Atividade 10", "Atividade 10\Atividade 10.csproj", "{1AFA5DDD-AE56-4E6E-8A51-DF2F440861C3}"
EndProject
Project("{FAE04EC0-301F-11D3-BF4B-00C04F79EFBC}") = "Atividade 11", "Atividade 11\Atividade 11.csproj", "{91C9AD86-A336-4C59-885C-BBEAC2DB0643}"
EndProject
Project("{FAE04EC0-301F-11D3-BF4B-00C04F79EFBC}") = "Atividade 12", "Atividade 12\Atividade 12.csproj", "{187EC9DB-687B-4BCF-9B9D-ACB8BF4E2CA8}"
EndProject
Project("{FAE04EC0-301F-11D3-BF4B-00C04F79EFBC}") = "Atividade 13", "Atividade 13\Atividade 13.csproj", "{39CF5EC1-09B8-4E24-BC26-773E7BC08227}"
EndProject
Project("{FAE04EC0-301F-11D3-BF4B-00C04F79EFBC}") = "Atividade 14", "Atividade 14\Atividade 14.csproj", "{917B7BD6-39B8-4DF5-9F1F-58CD39E04A45}"
EndProject
Project("{FAE04EC0-301F-11D3-BF4B-00C04F79EFBC}") = "Atividade 15", "Atividade 15\Atividade 15.csproj", "{BBCC9646-7B3B-451D-A258-3719017DB1F1}"
EndProject
Project("{FAE04EC0-301F-11D3-BF4B-00C04F79EFBC}") = "Atividade 16", "Atividade 16\Atividade 16.csproj", "{65C37C16-A74B-43B4-9CC7-1D84E4B6787A}"
EndProject
Project("{FAE04EC0-301F-11D3-BF4B-00C04F79EFBC}") = "Atividade 17", "Atividade 17\Atividade 17.csproj", "{FAD5FC5C-10CC-4958-BF0B-0849844AD1ED}"
EndProject
Project("{FAE04EC0-301F-11D3-BF4B-00C04F79EFBC}") = "Atividade 18", "Atividade 18\Atividade 18.csproj", "{1D6C4041-8FC0-4C11-B1C7-7A196444446B}"
EndProject
Project("{FAE04EC0-301F-11D3-BF4B-00C04F79EFBC}") = "Atividade 20", "Atividade 20\Atividade 20.csproj", "{7E7ADE70-248F-4472-8F31-9E614550C1E0}"
EndProject
Global
	GlobalSection(SolutionConfigurationPlatforms) = preSolution
		Debug|Any CPU = Debug|Any CPU
		Release|Any CPU = Release|Any CPU
	EndGlobalSection
	GlobalSection(ProjectConfigurationPlatforms) = postSolution
		{767EA2EF-5C1A-4118-BF82-EA5356EB434A}.Debug|Any CPU.ActiveCfg = Debug|Any CPU
		{767EA2EF-5C1A-4118-BF82-EA5356EB434A}.Debug|Any CPU.Build.0 = Debug|Any CPU
		{767EA2EF-5C1A-4118-BF82-EA5356EB434A}.Release|Any CPU.ActiveCfg = Release|Any CPU
		{767EA2EF-5C1A-4118-BF82-EA5356EB434A}.Release|Any CPU.Build.0 = Release|Any CPU
		{89217129-73F1-489D-961A-C82D55AE4D55}.Debug|Any CPU.ActiveCfg = Debug|Any CPU
		{89217129-73F1-489D-961A-C82D55AE4D55}.Debug|Any CPU.Build.0 = Debug|Any CPU
		{89217129-73F1-489D-961A-C82D55AE4D55}.Release|Any CPU.ActiveCfg = Release|Any CPU
		{89217129-73F1-489D-961A-C82D55AE4D55}.Release|Any CPU.Build.0 = Release|Any CPU
		{F5EB9769-C979-4592-A2C5-6427A08FB998}.Debug|Any CPU.ActiveCfg = Debug|Any CPU
		{F5EB9769-C979-4592-A2C5-6427A08FB998}.Debug|Any CPU.Build.0 = Debug|Any CPU
		{F5EB9769-C979-4592-A2C5-6427A08FB998}.Release|Any CPU.ActiveCfg = Release|Any CPU
		{F5EB9769-C979-4592-A2C5-6427A08FB998}.Release|Any CPU.Build.0 = Release|Any CPU
		{36AB3BD2-0DF6-40E4-9F71-E09B0DE6F685}.Debug|Any CPU.ActiveCfg = Debug|Any CPU
		{36AB3BD2-0DF6-40E4-9F71-E09B0DE6F685}.Debug|Any CPU.Build.0 = Debug|Any CPU
		{36AB3BD2-0DF6-40E4-9F71-E09B0DE6F685}.Release|Any CPU.ActiveCfg = Release|Any CPU
		{36AB3BD2-0DF6-40E4-9F71-E09B0DE6F685}.Release|Any CPU.Build.0 = Release|Any CPU
		{61D11133-EEF9-4B92-9277-BAC176087380}.Debug|Any CPU.ActiveCfg = Debug|Any CPU
		{61D11133-EEF9-4B92-9277-BAC176087380}.Debug|Any CPU.Build.0 = Debug|Any CPU
		{61D11133-EEF9-4B92-9277-BAC176087380}.Release|Any CPU.ActiveCfg = Release|Any CPU
		{61D11133-EEF9-4B92-9277-BAC176087380}.Release|Any CPU.Build.0 = Release|Any CPU
		{DD0D5C15-6811-467E-8E55-290C976407ED}.Debug|Any CPU.ActiveCfg = Debug|Any CPU
		{DD0D5C15-6811-467E-8E55-290C976407ED}.Debug|Any CPU.Build.0 = Debug|Any CPU
		{DD0D5C15-6811-467E-8E55-290C976407ED}.Release|Any CPU.ActiveCfg = Release|Any CPU
		{DD0D5C15-6811-467E-8E55-290C976407ED}.Release|Any CPU.Build.0 = Release|Any CPU
		{F35D8651-E077-4EFC-84C7-5FB7FE5A3E2F}.Debug|Any CPU.ActiveCfg = Debug|Any CPU
		{F35D8651-E077-4EFC-84C7-5FB7FE5A3E2F}.Debug|Any CPU.Build.0 = Debug|Any CPU
		{F35D8651-E077-4EFC-84C7-5FB7FE5A3E2F}.Release|Any CPU.ActiveCfg = Release|Any CPU
		{F35D8651-E077-4EFC-84C7-5FB7FE5A3E2F}.Release|Any CPU.Build.0 = Release|Any CPU
		{CED8D415-E837-435D-98B9-8556CF55B8EF}.Debug|Any CPU.ActiveCfg = Debug|Any CPU
		{CED8D415-E837-435D-98B9-8556CF55B8EF}.Debug|Any CPU.Build.0 = Debug|Any CPU
		{CED8D415-E837-435D-98B9-8556CF55B8EF}.Release|Any CPU.ActiveCfg = Release|Any CPU
		{CED8D415-E837-435D-98B9-8556CF55B8EF}.Release|Any CPU.Build.0 = Release|Any CPU
		{968175EC-92E8-4D11-AFD6-EBFAD1BB1E8F}.Debug|Any CPU.ActiveCfg = Debug|Any CPU
		{968175EC-92E8-4D11-AFD6-EBFAD1BB1E8F}.Debug|Any CPU.Build.0 = Debug|Any CPU
		{968175EC-92E8-4D11-AFD6-EBFAD1BB1E8F}.Release|Any CPU.ActiveCfg = Release|Any CPU
		{968175EC-92E8-4D11-AFD6-EBFAD1BB1E8F}.Release|Any CPU.Build.0 = Release|Any CPU
		{1AFA5DDD-AE56-4E6E-8A51-DF2F440861C3}.Debug|Any CPU.ActiveCfg = Debug|Any CPU
		{1AFA5DDD-AE56-4E6E-8A51-DF2F440861C3}.Debug|Any CPU.Build.0 = Debug|Any CPU
		{1AFA5DDD-AE56-4E6E-8A51-DF2F440861C3}.Release|Any CPU.ActiveCfg = Release|Any CPU
		{1AFA5DDD-AE56-4E6E-8A51-DF2F440861C3}.Release|Any CPU.Build.0 = Release|Any CPU
		{91C9AD86-A336-4C59-885C-BBEAC2DB0643}.Debug|Any CPU.ActiveCfg = Debug|Any CPU
		{91C9AD86-A336-4C59-885C-BBEAC2DB0643}.Debug|Any CPU.Build.0 = Debug|Any CPU
		{91C9AD86-A336-4C59-885C-BBEAC2DB0643}.Release|Any CPU.ActiveCfg = Release|Any CPU
		{91C9AD86-A336-4C59-885C-BBEAC2DB0643}.Release|Any CPU.Build.0 = Release|Any CPU
		{187EC9DB-687B-4BCF-9B9D-ACB8BF4E2CA8}.Debug|Any CPU.ActiveCfg = Debug|Any CPU
		{187EC9DB-687B-4BCF-9B9D-ACB8BF4E2CA8}.Debug|Any CPU.Build.0 = Debug|Any CPU
		{187EC9DB-687B-4BCF-9B9D-ACB8BF4E2CA8}.Release|Any CPU.ActiveCfg = Release|Any CPU
		{187EC9DB-687B-4BCF-9B9D-ACB8BF4E2CA8}.Release|Any CPU.Build.0 = Release|Any CPU
		{39CF5EC1-09B8-4E24-BC26-773E7BC08227}.Debug|Any CPU.ActiveCfg = Debug|Any CPU
		{39CF5EC1-09B8-4E24-BC26-773E7BC08227}.Debug|Any CPU.Build.0 = Debug|Any CPU
		{39CF5EC1-09B8-4E24-BC26-773E7BC08227}.Release|Any CPU.ActiveCfg = Release|Any CPU
		{39CF5EC1-09B8-4E24-BC26-773E7BC08227}.Release|Any CPU.Build.0 = Release|Any CPU
		{917B7BD6-39B8-4DF5-9F1F-58CD39E04A45}.Debug|Any CPU.ActiveCfg = Debug|Any CPU
		{917B7BD6-39B8-4DF5-9F1F-58CD39E04A45}.Debug|Any CPU.Build.0 = Debug|Any CPU
		{917B7BD6-39B8-4DF5-9F1F-58CD39E04A45}.Release|Any CPU.ActiveCfg = Release|Any CPU
		{917B7BD6-39B8-4DF5-9F1F-58CD39E04A45}.Release|Any CPU.Build.0 = Release|Any CPU
		{BBCC9646-7B3B-451D-A258-3719017DB1F1}.Debug|Any CPU.ActiveCfg = Debug|Any CPU
		{BBCC9646-7B3B-451D-A258-3719017DB1F1}.Debug|Any CPU.Build.0 = Debug|Any CPU
		{BBCC9646-7B3B-451D-A258-3719017DB1F1}.Release|Any CPU.ActiveCfg = Release|Any CPU
		{BBCC9646-7B3B-451D-A258-3719017DB1F1}.Release|Any CPU.Build.0 = Release|Any CPU
		{65C37C16-A74B-43B4-9CC7-1D84E4B6787A}.Debug|Any CPU.ActiveCfg = Debug|Any CPU
		{65C37C16-A74B-43B4-9CC7-1D84E4B6787A}.Debug|Any CPU.Build.0 = Debug|Any CPU
		{65C37C16-A74B-43B4-9CC7-1D84E4B6787A}.Release|Any CPU.ActiveCfg = Release|Any CPU
		{65C37C16-A74B-43B4-9CC7-1D84E4B6787A}.Release|Any CPU.Build.0 = Release|Any CPU
		{FAD5FC5C-10CC-4958-BF0B-0849844AD1ED}.Debug|Any CPU.ActiveCfg = Debug|Any CPU
		{FAD5FC5C-10CC-4958-BF0B-0849844AD1ED}.Debug|Any CPU.Build.0 = Debug|Any CPU
		{FAD5FC5C-10CC-4958-BF0B-0849844AD1ED}.Release|Any CPU.ActiveCfg = Release|Any CPU
		{FAD5FC5C-10CC-4958-BF0B-0849844AD1ED}.Release|Any CPU.Build.0 = Release|Any CPU
		{1D6C4041-8FC0-4C11-B1C7-7A196444446B}.Debug|Any CPU.ActiveCfg = Debug|Any CPU
		{1D6C4041-8FC0-4C11-B1C7-7A196444446B}.Debug|Any CPU.Build.0 = Debug|Any CPU
		{1D6C4041-8FC0-4C11-B1C7-7A196444446B}.Release|Any CPU.ActiveCfg = Release|Any CPU
		{1D6C4041-8FC0-4C11-B1C7-7A196444446B}.Release|Any CPU.Build.0 = Release|Any CPU
		{7E7ADE70-248F-4472-8F31-9E614550C1E0}.Debug|Any CPU.ActiveCfg = Debug|Any CPU
		{7E7ADE70-248F-4472-8F31-9E614550C1E0}.Debug|Any CPU.Build.0 = Debug|Any CPU
		{7E7ADE70-248F-4472-8F31-9E614550C1E0}.Release|Any CPU.ActiveCfg = Release|Any CPU
		{7E7ADE70-248F-4472-8F31-9E614550C1E0}.Release|Any CPU.Build.0 = Release|Any CPU
	EndGlobalSection
EndGlobal
